
Microsoft Visual Studio Solution File, Format Version 12.00
# Visual Studio Version 16
VisualStudioVersion = 16.0.29613.14
MinimumVisualStudioVersion = 10.0.40219.1
Project("{9A19103F-16F7-4668-BE54-9A1E7A4F7556}") = "CatchMe.Web.Client", "Client\CatchMe.Web.Client.csproj", "{A07555B7-669C-4E8C-A8C9-12F0E9BC0DEF}"
EndProject
Project("{9A19103F-16F7-4668-BE54-9A1E7A4F7556}") = "CatchMe.Web.Server", "Server\CatchMe.Web.Server.csproj", "{AFAD8F19-377C-49DE-9A4D-F5BA2A030C29}"
EndProject
Project("{9A19103F-16F7-4668-BE54-9A1E7A4F7556}") = "CatchMe.Web.Shared", "Shared\CatchMe.Web.Shared.csproj", "{DEAEBD1F-A570-4F7D-A91F-D162DCDD3066}"
EndProject
Global
	GlobalSection(SolutionConfigurationPlatforms) = preSolution
		Debug|Any CPU = Debug|Any CPU
		Release|Any CPU = Release|Any CPU
	EndGlobalSection
	GlobalSection(ProjectConfigurationPlatforms) = postSolution
		{A07555B7-669C-4E8C-A8C9-12F0E9BC0DEF}.Debug|Any CPU.ActiveCfg = Debug|Any CPU
		{A07555B7-669C-4E8C-A8C9-12F0E9BC0DEF}.Debug|Any CPU.Build.0 = Debug|Any CPU
		{A07555B7-669C-4E8C-A8C9-12F0E9BC0DEF}.Release|Any CPU.ActiveCfg = Release|Any CPU
		{A07555B7-669C-4E8C-A8C9-12F0E9BC0DEF}.Release|Any CPU.Build.0 = Release|Any CPU
		{AFAD8F19-377C-49DE-9A4D-F5BA2A030C29}.Debug|Any CPU.ActiveCfg = Debug|Any CPU
		{AFAD8F19-377C-49DE-9A4D-F5BA2A030C29}.Debug|Any CPU.Build.0 = Debug|Any CPU
		{AFAD8F19-377C-49DE-9A4D-F5BA2A030C29}.Release|Any CPU.ActiveCfg = Release|Any CPU
		{AFAD8F19-377C-49DE-9A4D-F5BA2A030C29}.Release|Any CPU.Build.0 = Release|Any CPU
		{DEAEBD1F-A570-4F7D-A91F-D162DCDD3066}.Debug|Any CPU.ActiveCfg = Debug|Any CPU
		{DEAEBD1F-A570-4F7D-A91F-D162DCDD3066}.Debug|Any CPU.Build.0 = Debug|Any CPU
		{DEAEBD1F-A570-4F7D-A91F-D162DCDD3066}.Release|Any CPU.ActiveCfg = Release|Any CPU
		{DEAEBD1F-A570-4F7D-A91F-D162DCDD3066}.Release|Any CPU.Build.0 = Release|Any CPU
	EndGlobalSection
	GlobalSection(SolutionProperties) = preSolution
		HideSolutionNode = FALSE
	EndGlobalSection
	GlobalSection(ExtensibilityGlobals) = postSolution
		SolutionGuid = {0A1809F5-0CB5-4736-A08B-10CF046B702B}
	EndGlobalSection
EndGlobal
